// !$*UTF8*$!
{
	archiveVersion = 1;
	classes = {
	};
	objectVersion = 50;
	objects = {

/* Begin PBXBuildFile section */
		6BF9E5FF24D8531D006E7A6C /* AppDelegate.swift in Sources */ = {isa = PBXBuildFile; fileRef = 6BF9E5FE24D8531D006E7A6C /* AppDelegate.swift */; };
		6BF9E60124D8531D006E7A6C /* SceneDelegate.swift in Sources */ = {isa = PBXBuildFile; fileRef = 6BF9E60024D8531D006E7A6C /* SceneDelegate.swift */; };
		6BF9E60324D8531D006E7A6C /* ViewController.swift in Sources */ = {isa = PBXBuildFile; fileRef = 6BF9E60224D8531D006E7A6C /* ViewController.swift */; };
		6BF9E60624D8531D006E7A6C /* Main.storyboard in Resources */ = {isa = PBXBuildFile; fileRef = 6BF9E60424D8531D006E7A6C /* Main.storyboard */; };
		6BF9E60824D85321006E7A6C /* Assets.xcassets in Resources */ = {isa = PBXBuildFile; fileRef = 6BF9E60724D85321006E7A6C /* Assets.xcassets */; };
		6BF9E60B24D85321006E7A6C /* LaunchScreen.storyboard in Resources */ = {isa = PBXBuildFile; fileRef = 6BF9E60924D85321006E7A6C /* LaunchScreen.storyboard */; };
		6BF9E61524D853D2006E7A6C /* presidents.json in Resources */ = {isa = PBXBuildFile; fileRef = 6BF9E61424D853D2006E7A6C /* presidents.json */; };
		6BF9E61724D85408006E7A6C /* President.swift in Sources */ = {isa = PBXBuildFile; fileRef = 6BF9E61624D85408006E7A6C /* President.swift */; };
		6BF9E61F24D85564006E7A6C /* Parsing_JSON_Using_BundleTests.swift in Sources */ = {isa = PBXBuildFile; fileRef = 6BF9E61E24D85564006E7A6C /* Parsing_JSON_Using_BundleTests.swift */; };
		6BF9E62724D85815006E7A6C /* Bundle+ParsingJSON.swift in Sources */ = {isa = PBXBuildFile; fileRef = 6BF9E62624D85815006E7A6C /* Bundle+ParsingJSON.swift */; };
/* End PBXBuildFile section */

/* Begin PBXContainerItemProxy section */
		6BF9E62124D85564006E7A6C /* PBXContainerItemProxy */ = {
			isa = PBXContainerItemProxy;
			containerPortal = 6BF9E5F324D8531D006E7A6C /* Project object */;
			proxyType = 1;
			remoteGlobalIDString = 6BF9E5FA24D8531D006E7A6C;
			remoteInfo = "Parsing-JSON-Using-Bundle";
		};
/* End PBXContainerItemProxy section */

/* Begin PBXFileReference section */
		6BF9E5FB24D8531D006E7A6C /* Parsing-JSON-Using-Bundle.app */ = {isa = PBXFileReference; explicitFileType = wrapper.application; includeInIndex = 0; path = "Parsing-JSON-Using-Bundle.app"; sourceTree = BUILT_PRODUCTS_DIR; };
		6BF9E5FE24D8531D006E7A6C /* AppDelegate.swift */ = {isa = PBXFileReference; lastKnownFileType = sourcecode.swift; path = AppDelegate.swift; sourceTree = "<group>"; };
		6BF9E60024D8531D006E7A6C /* SceneDelegate.swift */ = {isa = PBXFileReference; lastKnownFileType = sourcecode.swift; path = SceneDelegate.swift; sourceTree = "<group>"; };
		6BF9E60224D8531D006E7A6C /* ViewController.swift */ = {isa = PBXFileReference; lastKnownFileType = sourcecode.swift; path = ViewController.swift; sourceTree = "<group>"; };
		6BF9E60524D8531D006E7A6C /* Base */ = {isa = PBXFileReference; lastKnownFileType = file.storyboard; name = Base; path = Base.lproj/Main.storyboard; sourceTree = "<group>"; };
		6BF9E60724D85321006E7A6C /* Assets.xcassets */ = {isa = PBXFileReference; lastKnownFileType = folder.assetcatalog; path = Assets.xcassets; sourceTree = "<group>"; };
		6BF9E60A24D85321006E7A6C /* Base */ = {isa = PBXFileReference; lastKnownFileType = file.storyboard; name = Base; path = Base.lproj/LaunchScreen.storyboard; sourceTree = "<group>"; };
		6BF9E60C24D85321006E7A6C /* Info.plist */ = {isa = PBXFileReference; lastKnownFileType = text.plist.xml; path = Info.plist; sourceTree = "<group>"; };
		6BF9E61424D853D2006E7A6C /* presidents.json */ = {isa = PBXFileReference; lastKnownFileType = text.json; path = presidents.json; sourceTree = "<group>"; };
		6BF9E61624D85408006E7A6C /* President.swift */ = {isa = PBXFileReference; lastKnownFileType = sourcecode.swift; path = President.swift; sourceTree = "<group>"; };
		6BF9E61C24D85564006E7A6C /* Parsing-JSON-Using-BundleTests.xctest */ = {isa = PBXFileReference; explicitFileType = wrapper.cfbundle; includeInIndex = 0; path = "Parsing-JSON-Using-BundleTests.xctest"; sourceTree = BUILT_PRODUCTS_DIR; };
		6BF9E61E24D85564006E7A6C /* Parsing_JSON_Using_BundleTests.swift */ = {isa = PBXFileReference; lastKnownFileType = sourcecode.swift; path = Parsing_JSON_Using_BundleTests.swift; sourceTree = "<group>"; };
		6BF9E62024D85564006E7A6C /* Info.plist */ = {isa = PBXFileReference; lastKnownFileType = text.plist.xml; path = Info.plist; sourceTree = "<group>"; };
		6BF9E62624D85815006E7A6C /* Bundle+ParsingJSON.swift */ = {isa = PBXFileReference; lastKnownFileType = sourcecode.swift; path = "Bundle+ParsingJSON.swift"; sourceTree = "<group>"; };
/* End PBXFileReference section */

/* Begin PBXFrameworksBuildPhase section */
		6BF9E5F824D8531D006E7A6C /* Frameworks */ = {
			isa = PBXFrameworksBuildPhase;
			buildActionMask = 2147483647;
			files = (
			);
			runOnlyForDeploymentPostprocessing = 0;
		};
		6BF9E61924D85564006E7A6C /* Frameworks */ = {
			isa = PBXFrameworksBuildPhase;
			buildActionMask = 2147483647;
			files = (
			);
			runOnlyForDeploymentPostprocessing = 0;
		};
/* End PBXFrameworksBuildPhase section */

/* Begin PBXGroup section */
		6BF9E5F224D8531D006E7A6C = {
			isa = PBXGroup;
			children = (
				6BF9E5FD24D8531D006E7A6C /* Parsing-JSON-Using-Bundle */,
				6BF9E61D24D85564006E7A6C /* Parsing-JSON-Using-BundleTests */,
				6BF9E5FC24D8531D006E7A6C /* Products */,
			);
			sourceTree = "<group>";
		};
		6BF9E5FC24D8531D006E7A6C /* Products */ = {
			isa = PBXGroup;
			children = (
				6BF9E5FB24D8531D006E7A6C /* Parsing-JSON-Using-Bundle.app */,
				6BF9E61C24D85564006E7A6C /* Parsing-JSON-Using-BundleTests.xctest */,
			);
			name = Products;
			sourceTree = "<group>";
		};
		6BF9E5FD24D8531D006E7A6C /* Parsing-JSON-Using-Bundle */ = {
			isa = PBXGroup;
			children = (
				6BF9E5FE24D8531D006E7A6C /* AppDelegate.swift */,
				6BF9E60024D8531D006E7A6C /* SceneDelegate.swift */,
				6BF9E60224D8531D006E7A6C /* ViewController.swift */,
				6BF9E61624D85408006E7A6C /* President.swift */,
				6BF9E60424D8531D006E7A6C /* Main.storyboard */,
				6BF9E62624D85815006E7A6C /* Bundle+ParsingJSON.swift */,
				6BF9E61424D853D2006E7A6C /* presidents.json */,
				6BF9E60724D85321006E7A6C /* Assets.xcassets */,
				6BF9E60924D85321006E7A6C /* LaunchScreen.storyboard */,
				6BF9E60C24D85321006E7A6C /* Info.plist */,
			);
			path = "Parsing-JSON-Using-Bundle";
			sourceTree = "<group>";
		};
		6BF9E61D24D85564006E7A6C /* Parsing-JSON-Using-BundleTests */ = {
			isa = PBXGroup;
			children = (
				6BF9E61E24D85564006E7A6C /* Parsing_JSON_Using_BundleTests.swift */,
				6BF9E62024D85564006E7A6C /* Info.plist */,
			);
			path = "Parsing-JSON-Using-BundleTests";
			sourceTree = "<group>";
		};
/* End PBXGroup section */

/* Begin PBXNativeTarget section */
		6BF9E5FA24D8531D006E7A6C /* Parsing-JSON-Using-Bundle */ = {
			isa = PBXNativeTarget;
			buildConfigurationList = 6BF9E60F24D85321006E7A6C /* Build configuration list for PBXNativeTarget "Parsing-JSON-Using-Bundle" */;
			buildPhases = (
				6BF9E5F724D8531D006E7A6C /* Sources */,
				6BF9E5F824D8531D006E7A6C /* Frameworks */,
				6BF9E5F924D8531D006E7A6C /* Resources */,
			);
			buildRules = (
			);
			dependencies = (
			);
			name = "Parsing-JSON-Using-Bundle";
			productName = "Parsing-JSON-Using-Bundle";
			productReference = 6BF9E5FB24D8531D006E7A6C /* Parsing-JSON-Using-Bundle.app */;
			productType = "com.apple.product-type.application";
		};
		6BF9E61B24D85564006E7A6C /* Parsing-JSON-Using-BundleTests */ = {
			isa = PBXNativeTarget;
			buildConfigurationList = 6BF9E62324D85564006E7A6C /* Build configuration list for PBXNativeTarget "Parsing-JSON-Using-BundleTests" */;
			buildPhases = (
				6BF9E61824D85564006E7A6C /* Sources */,
				6BF9E61924D85564006E7A6C /* Frameworks */,
				6BF9E61A24D85564006E7A6C /* Resources */,
			);
			buildRules = (
			);
			dependencies = (
				6BF9E62224D85564006E7A6C /* PBXTargetDependency */,
			);
			name = "Parsing-JSON-Using-BundleTests";
			productName = "Parsing-JSON-Using-BundleTests";
			productReference = 6BF9E61C24D85564006E7A6C /* Parsing-JSON-Using-BundleTests.xctest */;
			productType = "com.apple.product-type.bundle.unit-test";
		};
/* End PBXNativeTarget section */

/* Begin PBXProject section */
		6BF9E5F324D8531D006E7A6C /* Project object */ = {
			isa = PBXProject;
			attributes = {
				LastSwiftUpdateCheck = 1150;
				LastUpgradeCheck = 1150;
				ORGANIZATIONNAME = "Chelsi Christmas";
				TargetAttributes = {
					6BF9E5FA24D8531D006E7A6C = {
						CreatedOnToolsVersion = 11.5;
					};
					6BF9E61B24D85564006E7A6C = {
						CreatedOnToolsVersion = 11.5;
						TestTargetID = 6BF9E5FA24D8531D006E7A6C;
					};
				};
			};
			buildConfigurationList = 6BF9E5F624D8531D006E7A6C /* Build configuration list for PBXProject "Parsing-JSON-Using-Bundle" */;
			compatibilityVersion = "Xcode 9.3";
			developmentRegion = en;
			hasScannedForEncodings = 0;
			knownRegions = (
				en,
				Base,
			);
			mainGroup = 6BF9E5F224D8531D006E7A6C;
			productRefGroup = 6BF9E5FC24D8531D006E7A6C /* Products */;
			projectDirPath = "";
			projectRoot = "";
			targets = (
				6BF9E5FA24D8531D006E7A6C /* Parsing-JSON-Using-Bundle */,
				6BF9E61B24D85564006E7A6C /* Parsing-JSON-Using-BundleTests */,
			);
		};
/* End PBXProject section */

/* Begin PBXResourcesBuildPhase section */
		6BF9E5F924D8531D006E7A6C /* Resources */ = {
			isa = PBXResourcesBuildPhase;
			buildActionMask = 2147483647;
			files = (
				6BF9E61524D853D2006E7A6C /* presidents.json in Resources */,
				6BF9E60B24D85321006E7A6C /* LaunchScreen.storyboard in Resources */,
				6BF9E60824D85321006E7A6C /* Assets.xcassets in Resources */,
				6BF9E60624D8531D006E7A6C /* Main.storyboard in Resources */,
			);
			runOnlyForDeploymentPostprocessing = 0;
		};
		6BF9E61A24D85564006E7A6C /* Resources */ = {
			isa = PBXResourcesBuildPhase;
			buildActionMask = 2147483647;
			files = (
			);
			runOnlyForDeploymentPostprocessing = 0;
		};
/* End PBXResourcesBuildPhase section */

/* Begin PBXSourcesBuildPhase section */
		6BF9E5F724D8531D006E7A6C /* Sources */ = {
			isa = PBXSourcesBuildPhase;
			buildActionMask = 2147483647;
			files = (
				6BF9E62724D85815006E7A6C /* Bundle+ParsingJSON.swift in Sources */,
				6BF9E61724D85408006E7A6C /* President.swift in Sources */,
				6BF9E60324D8531D006E7A6C /* ViewController.swift in Sources */,
				6BF9E5FF24D8531D006E7A6C /* AppDelegate.swift in Sources */,
				6BF9E60124D8531D006E7A6C /* SceneDelegate.swift in Sources */,
			);
			runOnlyForDeploymentPostprocessing = 0;
		};
		6BF9E61824D85564006E7A6C /* Sources */ = {
			isa = PBXSourcesBuildPhase;
			buildActionMask = 2147483647;
			files = (
				6BF9E61F24D85564006E7A6C /* Parsing_JSON_Using_BundleTests.swift in Sources */,
			);
			runOnlyForDeploymentPostprocessing = 0;
		};
/* End PBXSourcesBuildPhase section */

/* Begin PBXTargetDependency section */
		6BF9E62224D85564006E7A6C /* PBXTargetDependency */ = {
			isa = PBXTargetDependency;
			target = 6BF9E5FA24D8531D006E7A6C /* Parsing-JSON-Using-Bundle */;
			targetProxy = 6BF9E62124D85564006E7A6C /* PBXContainerItemProxy */;
		};
/* End PBXTargetDependency section */

/* Begin PBXVariantGroup section */
		6BF9E60424D8531D006E7A6C /* Main.storyboard */ = {
			isa = PBXVariantGroup;
			children = (
				6BF9E60524D8531D006E7A6C /* Base */,
			);
			name = Main.storyboard;
			sourceTree = "<group>";
		};
		6BF9E60924D85321006E7A6C /* LaunchScreen.storyboard */ = {
			isa = PBXVariantGroup;
			children = (
				6BF9E60A24D85321006E7A6C /* Base */,
			);
			name = LaunchScreen.storyboard;
			sourceTree = "<group>";
		};
/* End PBXVariantGroup section */

/* Begin XCBuildConfiguration section */
		6BF9E60D24D85321006E7A6C /* Debug */ = {
			isa = XCBuildConfiguration;
			buildSettings = {
				ALWAYS_SEARCH_USER_PATHS = NO;
				CLANG_ANALYZER_NONNULL = YES;
				CLANG_ANALYZER_NUMBER_OBJECT_CONVERSION = YES_AGGRESSIVE;
				CLANG_CXX_LANGUAGE_STANDARD = "gnu++14";
				CLANG_CXX_LIBRARY = "libc++";
				CLANG_ENABLE_MODULES = YES;
				CLANG_ENABLE_OBJC_ARC = YES;
				CLANG_ENABLE_OBJC_WEAK = YES;
				CLANG_WARN_BLOCK_CAPTURE_AUTORELEASING = YES;
				CLANG_WARN_BOOL_CONVERSION = YES;
				CLANG_WARN_COMMA = YES;
				CLANG_WARN_CONSTANT_CONVERSION = YES;
				CLANG_WARN_DEPRECATED_OBJC_IMPLEMENTATIONS = YES;
				CLANG_WARN_DIRECT_OBJC_ISA_USAGE = YES_ERROR;
				CLANG_WARN_DOCUMENTATION_COMMENTS = YES;
				CLANG_WARN_EMPTY_BODY = YES;
				CLANG_WARN_ENUM_CONVERSION = YES;
				CLANG_WARN_INFINITE_RECURSION = YES;
				CLANG_WARN_INT_CONVERSION = YES;
				CLANG_WARN_NON_LITERAL_NULL_CONVERSION = YES;
				CLANG_WARN_OBJC_IMPLICIT_RETAIN_SELF = YES;
				CLANG_WARN_OBJC_LITERAL_CONVERSION = YES;
				CLANG_WARN_OBJC_ROOT_CLASS = YES_ERROR;
				CLANG_WARN_RANGE_LOOP_ANALYSIS = YES;
				CLANG_WARN_STRICT_PROTOTYPES = YES;
				CLANG_WARN_SUSPICIOUS_MOVE = YES;
				CLANG_WARN_UNGUARDED_AVAILABILITY = YES_AGGRESSIVE;
				CLANG_WARN_UNREACHABLE_CODE = YES;
				CLANG_WARN__DUPLICATE_METHOD_MATCH = YES;
				COPY_PHASE_STRIP = NO;
				DEBUG_INFORMATION_FORMAT = dwarf;
				ENABLE_STRICT_OBJC_MSGSEND = YES;
				ENABLE_TESTABILITY = YES;
				GCC_C_LANGUAGE_STANDARD = gnu11;
				GCC_DYNAMIC_NO_PIC = NO;
				GCC_NO_COMMON_BLOCKS = YES;
				GCC_OPTIMIZATION_LEVEL = 0;
				GCC_PREPROCESSOR_DEFINITIONS = (
					"DEBUG=1",
					"$(inherited)",
				);
				GCC_WARN_64_TO_32_BIT_CONVERSION = YES;
				GCC_WARN_ABOUT_RETURN_TYPE = YES_ERROR;
				GCC_WARN_UNDECLARED_SELECTOR = YES;
				GCC_WARN_UNINITIALIZED_AUTOS = YES_AGGRESSIVE;
				GCC_WARN_UNUSED_FUNCTION = YES;
				GCC_WARN_UNUSED_VARIABLE = YES;
				IPHONEOS_DEPLOYMENT_TARGET = 13.5;
				MTL_ENABLE_DEBUG_INFO = INCLUDE_SOURCE;
				MTL_FAST_MATH = YES;
				ONLY_ACTIVE_ARCH = YES;
				SDKROOT = iphoneos;
				SWIFT_ACTIVE_COMPILATION_CONDITIONS = DEBUG;
				SWIFT_OPTIMIZATION_LEVEL = "-Onone";
			};
			name = Debug;
		};
		6BF9E60E24D85321006E7A6C /* Release */ = {
			isa = XCBuildConfiguration;
			buildSettings = {
				ALWAYS_SEARCH_USER_PATHS = NO;
				CLANG_ANALYZER_NONNULL = YES;
				CLANG_ANALYZER_NUMBER_OBJECT_CONVERSION = YES_AGGRESSIVE;
				CLANG_CXX_LANGUAGE_STANDARD = "gnu++14";
				CLANG_CXX_LIBRARY = "libc++";
				CLANG_ENABLE_MODULES = YES;
				CLANG_ENABLE_OBJC_ARC = YES;
				CLANG_ENABLE_OBJC_WEAK = YES;
				CLANG_WARN_BLOCK_CAPTURE_AUTORELEASING = YES;
				CLANG_WARN_BOOL_CONVERSION = YES;
				CLANG_WARN_COMMA = YES;
				CLANG_WARN_CONSTANT_CONVERSION = YES;
				CLANG_WARN_DEPRECATED_OBJC_IMPLEMENTATIONS = YES;
				CLANG_WARN_DIRECT_OBJC_ISA_USAGE = YES_ERROR;
				CLANG_WARN_DOCUMENTATION_COMMENTS = YES;
				CLANG_WARN_EMPTY_BODY = YES;
				CLANG_WARN_ENUM_CONVERSION = YES;
				CLANG_WARN_INFINITE_RECURSION = YES;
				CLANG_WARN_INT_CONVERSION = YES;
				CLANG_WARN_NON_LITERAL_NULL_CONVERSION = YES;
				CLANG_WARN_OBJC_IMPLICIT_RETAIN_SELF = YES;
				CLANG_WARN_OBJC_LITERAL_CONVERSION = YES;
				CLANG_WARN_OBJC_ROOT_CLASS = YES_ERROR;
				CLANG_WARN_RANGE_LOOP_ANALYSIS = YES;
				CLANG_WARN_STRICT_PROTOTYPES = YES;
				CLANG_WARN_SUSPICIOUS_MOVE = YES;
				CLANG_WARN_UNGUARDED_AVAILABILITY = YES_AGGRESSIVE;
				CLANG_WARN_UNREACHABLE_CODE = YES;
				CLANG_WARN__DUPLICATE_METHOD_MATCH = YES;
				COPY_PHASE_STRIP = NO;
				DEBUG_INFORMATION_FORMAT = "dwarf-with-dsym";
				ENABLE_NS_ASSERTIONS = NO;
				ENABLE_STRICT_OBJC_MSGSEND = YES;
				GCC_C_LANGUAGE_STANDARD = gnu11;
				GCC_NO_COMMON_BLOCKS = YES;
				GCC_WARN_64_TO_32_BIT_CONVERSION = YES;
				GCC_WARN_ABOUT_RETURN_TYPE = YES_ERROR;
				GCC_WARN_UNDECLARED_SELECTOR = YES;
				GCC_WARN_UNINITIALIZED_AUTOS = YES_AGGRESSIVE;
				GCC_WARN_UNUSED_FUNCTION = YES;
				GCC_WARN_UNUSED_VARIABLE = YES;
				IPHONEOS_DEPLOYMENT_TARGET = 13.5;
				MTL_ENABLE_DEBUG_INFO = NO;
				MTL_FAST_MATH = YES;
				SDKROOT = iphoneos;
				SWIFT_COMPILATION_MODE = wholemodule;
				SWIFT_OPTIMIZATION_LEVEL = "-O";
				VALIDATE_PRODUCT = YES;
			};
			name = Release;
		};
		6BF9E61024D85321006E7A6C /* Debug */ = {
			isa = XCBuildConfiguration;
			buildSettings = {
				ASSETCATALOG_COMPILER_APPICON_NAME = AppIcon;
				CODE_SIGN_STYLE = Automatic;
				DEVELOPMENT_TEAM = YC2567VA38;
				INFOPLIST_FILE = "Parsing-JSON-Using-Bundle/Info.plist";
				LD_RUNPATH_SEARCH_PATHS = (
					"$(inherited)",
					"@executable_path/Frameworks",
				);
				PRODUCT_BUNDLE_IDENTIFIER = "com.ChelsiChristmas.Parsing-JSON-Using-Bundle";
				PRODUCT_NAME = "$(TARGET_NAME)";
				SWIFT_VERSION = 5.0;
				TARGETED_DEVICE_FAMILY = "1,2";
			};
			name = Debug;
		};
		6BF9E61124D85321006E7A6C /* Release */ = {
			isa = XCBuildConfiguration;
			buildSettings = {
				ASSETCATALOG_COMPILER_APPICON_NAME = AppIcon;
				CODE_SIGN_STYLE = Automatic;
				DEVELOPMENT_TEAM = YC2567VA38;
				INFOPLIST_FILE = "Parsing-JSON-Using-Bundle/Info.plist";
				LD_RUNPATH_SEARCH_PATHS = (
					"$(inherited)",
					"@executable_path/Frameworks",
				);
				PRODUCT_BUNDLE_IDENTIFIER = "com.ChelsiChristmas.Parsing-JSON-Using-Bundle";
				PRODUCT_NAME = "$(TARGET_NAME)";
				SWIFT_VERSION = 5.0;
				TARGETED_DEVICE_FAMILY = "1,2";
			};
			name = Release;
		};
		6BF9E62424D85564006E7A6C /* Debug */ = {
			isa = XCBuildConfiguration;
			buildSettings = {
				BUNDLE_LOADER = "$(TEST_HOST)";
				CODE_SIGN_STYLE = Automatic;
				DEVELOPMENT_TEAM = YC2567VA38;
				INFOPLIST_FILE = "Parsing-JSON-Using-BundleTests/Info.plist";
				LD_RUNPATH_SEARCH_PATHS = (
					"$(inherited)",
					"@executable_path/Frameworks",
					"@loader_path/Frameworks",
				);
				PRODUCT_BUNDLE_IDENTIFIER = "com.ChelsiChristmas.Parsing-JSON-Using-BundleTests";
				PRODUCT_NAME = "$(TARGET_NAME)";
				SWIFT_VERSION = 5.0;
				TARGETED_DEVICE_FAMILY = "1,2";
				TEST_HOST = "$(BUILT_PRODUCTS_DIR)/Parsing-JSON-Using-Bundle.app/Parsing-JSON-Using-Bundle";
			};
			name = Debug;
		};
		6BF9E62524D85564006E7A6C /* Release */ = {
			isa = XCBuildConfiguration;
			buildSettings = {
				BUNDLE_LOADER = "$(TEST_HOST)";
				CODE_SIGN_STYLE = Automatic;
				DEVELOPMENT_TEAM = YC2567VA38;
				INFOPLIST_FILE = "Parsing-JSON-Using-BundleTests/Info.plist";
				LD_RUNPATH_SEARCH_PATHS = (
					"$(inherited)",
					"@executable_path/Frameworks",
					"@loader_path/Frameworks",
				);
				PRODUCT_BUNDLE_IDENTIFIER = "com.ChelsiChristmas.Parsing-JSON-Using-BundleTests";
				PRODUCT_NAME = "$(TARGET_NAME)";
				SWIFT_VERSION = 5.0;
				TARGETED_DEVICE_FAMILY = "1,2";
				TEST_HOST = "$(BUILT_PRODUCTS_DIR)/Parsing-JSON-Using-Bundle.app/Parsing-JSON-Using-Bundle";
			};
			name = Release;
		};
/* End XCBuildConfiguration section */

/* Begin XCConfigurationList section */
		6BF9E5F624D8531D006E7A6C /* Build configuration list for PBXProject "Parsing-JSON-Using-Bundle" */ = {
			isa = XCConfigurationList;
			buildConfigurations = (
				6BF9E60D24D85321006E7A6C /* Debug */,
				6BF9E60E24D85321006E7A6C /* Release */,
			);
			defaultConfigurationIsVisible = 0;
			defaultConfigurationName = Release;
		};
		6BF9E60F24D85321006E7A6C /* Build configuration list for PBXNativeTarget "Parsing-JSON-Using-Bundle" */ = {
			isa = XCConfigurationList;
			buildConfigurations = (
				6BF9E61024D85321006E7A6C /* Debug */,
				6BF9E61124D85321006E7A6C /* Release */,
			);
			defaultConfigurationIsVisible = 0;
			defaultConfigurationName = Release;
		};
		6BF9E62324D85564006E7A6C /* Build configuration list for PBXNativeTarget "Parsing-JSON-Using-BundleTests" */ = {
			isa = XCConfigurationList;
			buildConfigurations = (
				6BF9E62424D85564006E7A6C /* Debug */,
				6BF9E62524D85564006E7A6C /* Release */,
			);
			defaultConfigurationIsVisible = 0;
			defaultConfigurationName = Release;
		};
/* End XCConfigurationList section */
	};
	rootObject = 6BF9E5F324D8531D006E7A6C /* Project object */;
}
